{
    "_readme": [
        "This file locks the dependencies of your project to a known state",
        "Read more about it at https://getcomposer.org/doc/01-basic-usage.md#composer-lock-the-lock-file",
        "This file is @generated automatically"
    ],
    "hash": "85082c302e1578fabea0221c6d361817",
    "content-hash": "37eb36a197d372bee3e45a77388f483b",
    "packages": [
        {
            "name": "facebook/graph-sdk",
            "version": "5.4.4",
            "source": {
                "type": "git",
                "url": "https://github.com/facebook/php-graph-sdk.git",
                "reference": "5d0c4865e80e231d48a4571841bd018828fe58e1"
            },
            "dist": {
                "type": "zip",
                "url": "https://api.github.com/repos/facebook/php-graph-sdk/zipball/5d0c4865e80e231d48a4571841bd018828fe58e1",
                "reference": "5d0c4865e80e231d48a4571841bd018828fe58e1",
                "shasum": ""
            },
            "require": {
                "php": "^5.4|^7.0"
            },
            "require-dev": {
                "guzzlehttp/guzzle": "~5.0",
                "mockery/mockery": "~0.8",
                "phpunit/phpunit": "~4.0"
            },
            "suggest": {
                "guzzlehttp/guzzle": "Allows for implementation of the Guzzle HTTP client",
                "paragonie/random_compat": "Provides a better CSPRNG option in PHP 5"
            },
            "type": "library",
            "extra": {
                "branch-alias": {
                    "dev-master": "5.x-dev"
                }
            },
            "autoload": {
                "psr-4": {
                    "Facebook\\": "src/Facebook/"
                },
                "files": [
                    "src/Facebook/polyfills.php"
                ]
            },
            "notification-url": "https://packagist.org/downloads/",
            "license": [
                "Facebook Platform"
            ],
            "authors": [
                {
                    "name": "Facebook",
                    "homepage": "https://github.com/facebook/php-graph-sdk/contributors"
                }
            ],
            "description": "Facebook SDK for PHP",
            "homepage": "https://github.com/facebook/php-graph-sdk",
            "keywords": [
                "facebook",
                "sdk"
            ],
            "time": "2017-01-19 15:42:20"
        },
        {
            "name": "hybridauth/hybridauth",
            "version": "v2.9.1",
            "source": {
                "type": "git",
                "url": "https://github.com/hybridauth/hybridauth.git",
                "reference": "fad9030d0a3e87831d32c431ca9a3d00a5017894"
            },
            "dist": {
                "type": "zip",
                "url": "https://api.github.com/repos/hybridauth/hybridauth/zipball/fad9030d0a3e87831d32c431ca9a3d00a5017894",
                "reference": "fad9030d0a3e87831d32c431ca9a3d00a5017894",
                "shasum": ""
            },
            "require": {
                "ext-curl": "*",
                "facebook/graph-sdk": "^5.4",
                "php": ">=5.2.0"
            },
            "type": "library",
            "autoload": {
                "psr-0": {
                    "Hybrid": "hybridauth/"
                },
                "classmap": [
                    "hybridauth/Hybrid"
                ]
            },
            "notification-url": "https://packagist.org/downloads/",
            "license": [
                "(MIT or GPL-3.0+)"
            ],
            "authors": [
                {
                    "name": "Miled",
                    "email": "hybridauth@gmail.com"
                }
            ],
            "description": "Open source social sign on PHP library.",
            "homepage": "http://hybridauth.sourceforge.net",
            "keywords": [
                "OpenId",
                "facebook",
                "google",
                "hybridauth",
                "login",
                "oauth",
                "social",
                "twitter",
                "yahoo"
            ],
            "time": "2017-03-25 14:20:41"
        },
        {
            "name": "mercadopago/sdk",
            "version": "v0.5.2",
            "source": {
                "type": "git",
                "url": "https://github.com/mercadopago/sdk-php.git",
                "reference": "88fd10a084f750c3e48b417a53c26260c11c2bb9"
            },
            "dist": {
                "type": "zip",
                "url": "https://api.github.com/repos/mercadopago/sdk-php/zipball/88fd10a084f750c3e48b417a53c26260c11c2bb9",
                "reference": "88fd10a084f750c3e48b417a53c26260c11c2bb9",
                "shasum": ""
            },
            "require": {
                "ext-curl": "*"
            },
            "type": "library",
            "autoload": {
                "classmap": [
                    "lib/mercadopago.php"
                ]
            },
            "notification-url": "https://packagist.org/downloads/",
            "authors": [
                {
                    "name": "Horacio Casatti",
                    "email": "horacio.casatti@mercadolibre.com"
                }
            ],
            "description": "MercadoPago SDK module for Payments integration.",
            "keywords": [
                "mercadopago",
                "sdk"
            ],
            "time": "2015-10-14 13:49:16"
        },
        {
            "name": "stripe/stripe-php",
            "version": "v4.5.1",
            "source": {
                "type": "git",
                "url": "https://github.com/stripe/stripe-php.git",
                "reference": "420d34ae71059700ea2a2e466670f66ddd97777d"
            },
            "dist": {
                "type": "zip",
                "url": "https://api.github.com/repos/stripe/stripe-php/zipball/420d34ae71059700ea2a2e466670f66ddd97777d",
                "reference": "420d34ae71059700ea2a2e466670f66ddd97777d",
                "shasum": ""
            },
            "require": {
                "ext-curl": "*",
                "ext-json": "*",
                "ext-mbstring": "*",
                "php": ">=5.3.3"
            },
            "require-dev": {
                "phpunit/phpunit": "~4.0",
                "satooshi/php-coveralls": "~0.6.1",
                "squizlabs/php_codesniffer": "~2.0"
            },
            "type": "library",
            "extra": {
                "branch-alias": {
                    "dev-master": "2.0-dev"
                }
            },
            "autoload": {
                "psr-4": {
                    "Stripe\\": "lib/"
                }
            },
            "notification-url": "https://packagist.org/downloads/",
            "license": [
                "MIT"
            ],
            "authors": [
                {
                    "name": "Stripe and contributors",
                    "homepage": "https://github.com/stripe/stripe-php/contributors"
                }
            ],
            "description": "Stripe PHP Library",
            "homepage": "https://stripe.com/",
            "keywords": [
                "api",
                "payment processing",
                "stripe"
            ],
            "time": "2017-03-22 17:51:32"
        },
        {
            "name": "swiftmailer/swiftmailer",
            "version": "v5.4.6",
            "source": {
                "type": "git",
                "url": "https://github.com/swiftmailer/swiftmailer.git",
                "reference": "81fdccfaf8bdc5d5d7a1ef6bb3a61bbb1a6c4a3e"
            },
            "dist": {
                "type": "zip",
                "url": "https://api.github.com/repos/swiftmailer/swiftmailer/zipball/81fdccfaf8bdc5d5d7a1ef6bb3a61bbb1a6c4a3e",
                "reference": "81fdccfaf8bdc5d5d7a1ef6bb3a61bbb1a6c4a3e",
                "shasum": ""
            },
            "require": {
                "php": ">=5.3.3"
            },
            "require-dev": {
                "mockery/mockery": "~0.9.1",
                "symfony/phpunit-bridge": "~3.2"
            },
            "type": "library",
            "extra": {
                "branch-alias": {
                    "dev-master": "5.4-dev"
                }
            },
            "autoload": {
                "files": [
                    "lib/swift_required.php"
                ]
            },
            "notification-url": "https://packagist.org/downloads/",
            "license": [
                "MIT"
            ],
            "authors": [
                {
                    "name": "Chris Corbyn"
                },
                {
                    "name": "Fabien Potencier",
                    "email": "fabien@symfony.com"
                }
            ],
            "description": "Swiftmailer, free feature-rich PHP mailer",
            "homepage": "http://swiftmailer.org",
            "keywords": [
                "email",
                "mail",
                "mailer"
            ],
            "time": "2017-02-13 07:52:53"
        }
    ],
    "packages-dev": [],
    "aliases": [],
    "minimum-stability": "stable",
    "stability-flags": [],
    "prefer-stable": false,
    "prefer-lowest": false,
    "platform": [],
    "platform-dev": []
}
